<?xml version="1.0" encoding="utf-8"?>
<Project ToolsVersion="4.0" xmlns="http://schemas.microsoft.com/developer/msbuild/2003">
  <ItemGroup>
    <Filter Include="Source Files">
      <UniqueIdentifier>{4FC737F1-C7A5-4376-A066-2A32D752A2FF}</UniqueIdentifier>
      <Extensions>cpp;c;cc;cxx;c++;cppm;ixx;def;odl;idl;hpj;bat;asm;asmx</Extensions>
    </Filter>
    <Filter Include="Header Files">
      <UniqueIdentifier>{93995380-89BD-4b04-88EB-625FBE52EBFB}</UniqueIdentifier>
      <Extensions>h;hh;hpp;hxx;h++;hm;inl;inc;ipp;xsd</Extensions>
    </Filter>
    <Filter Include="Resource Files">
      <UniqueIdentifier>{67DA6AB6-F800-4c08-8B7A-83BB121AAD01}</UniqueIdentifier>
      <Extensions>rc;ico;cur;bmp;dlg;rc2;rct;bin;rgs;gif;jpg;jpeg;jpe;resx;tiff;tif;png;wav;mfcribbon-ms</Extensions>
    </Filter>
    <Filter Include="Header Files\crypt">
      <UniqueIdentifier>{8db7ce64-ad21-47c9-9424-ad45e633c236}</UniqueIdentifier>
    </Filter>
    <Filter Include="Source Files\crypt">
      <UniqueIdentifier>{3a42ddc7-5e82-455f-ab37-c02cb1c80ccb}</UniqueIdentifier>
    </Filter>
    <Filter Include="Source Files\antirun">
      <UniqueIdentifier>{7c5b55a1-d1a8-4dc2-ac38-3f5b21b516f9}</UniqueIdentifier>
    </Filter>
    <Filter Include="Header Files\antirun">
      <UniqueIdentifier>{1dd21148-c0b5-4ac9-864d-b3d4d4c77ab7}</UniqueIdentifier>
    </Filter>
  </ItemGroup>
  <ItemGroup>
    <ClCompile Include="entry.c">
      <Filter>Source Files</Filter>
    </ClCompile>
    <ClCompile Include="encryptor.c">
      <Filter>Source Files</Filter>
    </ClCompile>
    <ClCompile Include="..\crypt\crc32.c">
      <Filter>Source Files\crypt</Filter>
    </ClCompile>
    <ClCompile Include="..\crypt\curve25519.c">
      <Filter>Source Files\crypt</Filter>
    </ClCompile>
    <ClCompile Include="..\crypt\hc128.c">
      <Filter>Source Files\crypt</Filter>
    </ClCompile>
    <ClCompile Include="..\crypt\sha512.c">
      <Filter>Source Files\crypt</Filter>
    </ClCompile>
    <ClCompile Include="uac.c">
      <Filter>Source Files</Filter>
    </ClCompile>
    <ClCompile Include="pre.c">
      <Filter>Source Files</Filter>
    </ClCompile>
    <ClCompile Include="anti.c">
      <Filter>Source Files</Filter>
    </ClCompile>
    <ClCompile Include="debug.c">
      <Filter>Source Files</Filter>
    </ClCompile>
    <ClCompile Include="antivm.c">
      <Filter>Source Files\antirun</Filter>
    </ClCompile>
    <ClCompile Include="persistence.c">
      <Filter>Source Files</Filter>
    </ClCompile>
  </ItemGroup>
  <ItemGroup>
    <ClInclude Include="wsinternal.h">
      <Filter>Header Files</Filter>
    </ClInclude>
    <ClInclude Include="encryptor.h">
      <Filter>Header Files</Filter>
    </ClInclude>
    <ClInclude Include="debug.h">
      <Filter>Header Files</Filter>
    </ClInclude>
    <ClInclude Include="..\crypt\crc32.h">
      <Filter>Header Files\crypt</Filter>
    </ClInclude>
    <ClInclude Include="..\crypt\curve25519.h">
      <Filter>Header Files\crypt</Filter>
    </ClInclude>
    <ClInclude Include="..\crypt\ecrypt-config.h">
      <Filter>Header Files\crypt</Filter>
    </ClInclude>
    <ClInclude Include="..\crypt\ecrypt-machine.h">
      <Filter>Header Files\crypt</Filter>
    </ClInclude>
    <ClInclude Include="..\crypt\ecrypt-portable.h">
      <Filter>Header Files\crypt</Filter>
    </ClInclude>
    <ClInclude Include="..\crypt\ecrypt-sync.h">
      <Filter>Header Files\crypt</Filter>
    </ClInclude>
    <ClInclude Include="..\crypt\sha512.h">
      <Filter>Header Files\crypt</Filter>
    </ClInclude>
    <ClInclude Include="uac.h">
      <Filter>Header Files</Filter>
    </ClInclude>
    <ClInclude Include="pre.h">
      <Filter>Header Files</Filter>
    </ClInclude>
    <ClInclude Include="anti.h">
      <Filter>Header Files</Filter>
    </ClInclude>
    <ClInclude Include="util.h">
      <Filter>Header Files</Filter>
    </ClInclude>
    <ClInclude Include="antidbg.h">
      <Filter>Header Files\antirun</Filter>
    </ClInclude>
    <ClInclude Include="antivm.h">
      <Filter>Header Files\antirun</Filter>
    </ClInclude>
    <ClInclude Include="antidump.h">
      <Filter>Header Files\antirun</Filter>
    </ClInclude>
    <ClInclude Include="persistence.h">
      <Filter>Header Files</Filter>
    </ClInclude>
  </ItemGroup>
</Project>